// !$*UTF8*$!
{
	archiveVersion = 1;
	classes = {
	};
	objectVersion = 56;
	objects = {

/* Begin PBXBuildFile section */
		A7155B0F2E21257200285EE9 /* ListAndDetailScreenApp.swift in Sources */ = {isa = PBXBuildFile; fileRef = A7155B0E2E21257200285EE9 /* ListAndDetailScreenApp.swift */; };
		A7155B112E21257200285EE9 /* ContentView.swift in Sources */ = {isa = PBXBuildFile; fileRef = A7155B102E21257200285EE9 /* ContentView.swift */; };
		A7155B132E21257500285EE9 /* Assets.xcassets in Resources */ = {isa = PBXBuildFile; fileRef = A7155B122E21257500285EE9 /* Assets.xcassets */; };
		A7155B172E21257500285EE9 /* Preview Assets.xcassets in Resources */ = {isa = PBXBuildFile; fileRef = A7155B162E21257500285EE9 /* Preview Assets.xcassets */; };
		A7155B212E21257600285EE9 /* ListAndDetailScreenTests.swift in Sources */ = {isa = PBXBuildFile; fileRef = A7155B202E21257600285EE9 /* ListAndDetailScreenTests.swift */; };
		A7155B2B2E21257700285EE9 /* ListAndDetailScreenUITests.swift in Sources */ = {isa = PBXBuildFile; fileRef = A7155B2A2E21257700285EE9 /* ListAndDetailScreenUITests.swift */; };
		A7155B2D2E21257700285EE9 /* ListAndDetailScreenUITestsLaunchTests.swift in Sources */ = {isa = PBXBuildFile; fileRef = A7155B2C2E21257700285EE9 /* ListAndDetailScreenUITestsLaunchTests.swift */; };
		A7155B422E21288B00285EE9 /* Service.swift in Sources */ = {isa = PBXBuildFile; fileRef = A7155B412E21288B00285EE9 /* Service.swift */; };
		A7155B442E21289B00285EE9 /* ServiceViewModel.swift in Sources */ = {isa = PBXBuildFile; fileRef = A7155B432E21289B00285EE9 /* ServiceViewModel.swift */; };
		A7155B462E2128E600285EE9 /* ServiceListViewModel.swift in Sources */ = {isa = PBXBuildFile; fileRef = A7155B452E2128E600285EE9 /* ServiceListViewModel.swift */; };
		A7155B482E21293100285EE9 /* ServiceDetailView.swift in Sources */ = {isa = PBXBuildFile; fileRef = A7155B472E21293100285EE9 /* ServiceDetailView.swift */; };
		A7155B4C2E212A6600285EE9 /* DateFormatter.swift in Sources */ = {isa = PBXBuildFile; fileRef = A7155B4B2E212A6600285EE9 /* DateFormatter.swift */; };
/* End PBXBuildFile section */

/* Begin PBXContainerItemProxy section */
		A7155B1D2E21257600285EE9 /* PBXContainerItemProxy */ = {
			isa = PBXContainerItemProxy;
			containerPortal = A7155B032E21257200285EE9 /* Project object */;
			proxyType = 1;
			remoteGlobalIDString = A7155B0A2E21257200285EE9;
			remoteInfo = ListAndDetailScreen;
		};
		A7155B272E21257700285EE9 /* PBXContainerItemProxy */ = {
			isa = PBXContainerItemProxy;
			containerPortal = A7155B032E21257200285EE9 /* Project object */;
			proxyType = 1;
			remoteGlobalIDString = A7155B0A2E21257200285EE9;
			remoteInfo = ListAndDetailScreen;
		};
/* End PBXContainerItemProxy section */

/* Begin PBXFileReference section */
		A7155B0B2E21257200285EE9 /* ListAndDetailScreen.app */ = {isa = PBXFileReference; explicitFileType = wrapper.application; includeInIndex = 0; path = ListAndDetailScreen.app; sourceTree = BUILT_PRODUCTS_DIR; };
		A7155B0E2E21257200285EE9 /* ListAndDetailScreenApp.swift */ = {isa = PBXFileReference; lastKnownFileType = sourcecode.swift; path = ListAndDetailScreenApp.swift; sourceTree = "<group>"; };
		A7155B102E21257200285EE9 /* ContentView.swift */ = {isa = PBXFileReference; lastKnownFileType = sourcecode.swift; path = ContentView.swift; sourceTree = "<group>"; };
		A7155B122E21257500285EE9 /* Assets.xcassets */ = {isa = PBXFileReference; lastKnownFileType = folder.assetcatalog; path = Assets.xcassets; sourceTree = "<group>"; };
		A7155B142E21257500285EE9 /* ListAndDetailScreen.entitlements */ = {isa = PBXFileReference; lastKnownFileType = text.plist.entitlements; path = ListAndDetailScreen.entitlements; sourceTree = "<group>"; };
		A7155B162E21257500285EE9 /* Preview Assets.xcassets */ = {isa = PBXFileReference; lastKnownFileType = folder.assetcatalog; path = "Preview Assets.xcassets"; sourceTree = "<group>"; };
		A7155B1C2E21257600285EE9 /* ListAndDetailScreenTests.xctest */ = {isa = PBXFileReference; explicitFileType = wrapper.cfbundle; includeInIndex = 0; path = ListAndDetailScreenTests.xctest; sourceTree = BUILT_PRODUCTS_DIR; };
		A7155B202E21257600285EE9 /* ListAndDetailScreenTests.swift */ = {isa = PBXFileReference; lastKnownFileType = sourcecode.swift; path = ListAndDetailScreenTests.swift; sourceTree = "<group>"; };
		A7155B262E21257700285EE9 /* ListAndDetailScreenUITests.xctest */ = {isa = PBXFileReference; explicitFileType = wrapper.cfbundle; includeInIndex = 0; path = ListAndDetailScreenUITests.xctest; sourceTree = BUILT_PRODUCTS_DIR; };
		A7155B2A2E21257700285EE9 /* ListAndDetailScreenUITests.swift */ = {isa = PBXFileReference; lastKnownFileType = sourcecode.swift; path = ListAndDetailScreenUITests.swift; sourceTree = "<group>"; };
		A7155B2C2E21257700285EE9 /* ListAndDetailScreenUITestsLaunchTests.swift */ = {isa = PBXFileReference; lastKnownFileType = sourcecode.swift; path = ListAndDetailScreenUITestsLaunchTests.swift; sourceTree = "<group>"; };
		A7155B412E21288B00285EE9 /* Service.swift */ = {isa = PBXFileReference; lastKnownFileType = sourcecode.swift; path = Service.swift; sourceTree = "<group>"; };
		A7155B432E21289B00285EE9 /* ServiceViewModel.swift */ = {isa = PBXFileReference; lastKnownFileType = sourcecode.swift; path = ServiceViewModel.swift; sourceTree = "<group>"; };
		A7155B452E2128E600285EE9 /* ServiceListViewModel.swift */ = {isa = PBXFileReference; lastKnownFileType = sourcecode.swift; path = ServiceListViewModel.swift; sourceTree = "<group>"; };
		A7155B472E21293100285EE9 /* ServiceDetailView.swift */ = {isa = PBXFileReference; lastKnownFileType = sourcecode.swift; path = ServiceDetailView.swift; sourceTree = "<group>"; };
		A7155B4B2E212A6600285EE9 /* DateFormatter.swift */ = {isa = PBXFileReference; lastKnownFileType = sourcecode.swift; path = DateFormatter.swift; sourceTree = "<group>"; };
/* End PBXFileReference section */

/* Begin PBXFrameworksBuildPhase section */
		A7155B082E21257200285EE9 /* Frameworks */ = {
			isa = PBXFrameworksBuildPhase;
			buildActionMask = 2147483647;
			files = (
			);
			runOnlyForDeploymentPostprocessing = 0;
		};
		A7155B192E21257600285EE9 /* Frameworks */ = {
			isa = PBXFrameworksBuildPhase;
			buildActionMask = 2147483647;
			files = (
			);
			runOnlyForDeploymentPostprocessing = 0;
		};
		A7155B232E21257700285EE9 /* Frameworks */ = {
			isa = PBXFrameworksBuildPhase;
			buildActionMask = 2147483647;
			files = (
			);
			runOnlyForDeploymentPostprocessing = 0;
		};
/* End PBXFrameworksBuildPhase section */

/* Begin PBXGroup section */
		A7155B022E21257200285EE9 = {
			isa = PBXGroup;
			children = (
				A7155B0D2E21257200285EE9 /* ListAndDetailScreen */,
				A7155B1F2E21257600285EE9 /* ListAndDetailScreenTests */,
				A7155B292E21257700285EE9 /* ListAndDetailScreenUITests */,
				A7155B0C2E21257200285EE9 /* Products */,
			);
			sourceTree = "<group>";
		};
		A7155B0C2E21257200285EE9 /* Products */ = {
			isa = PBXGroup;
			children = (
				A7155B0B2E21257200285EE9 /* ListAndDetailScreen.app */,
				A7155B1C2E21257600285EE9 /* ListAndDetailScreenTests.xctest */,
				A7155B262E21257700285EE9 /* ListAndDetailScreenUITests.xctest */,
			);
			name = Products;
			sourceTree = "<group>";
		};
		A7155B0D2E21257200285EE9 /* ListAndDetailScreen */ = {
			isa = PBXGroup;
			children = (
				A7155B412E21288B00285EE9 /* Service.swift */,
				A7155B432E21289B00285EE9 /* ServiceViewModel.swift */,
				A7155B452E2128E600285EE9 /* ServiceListViewModel.swift */,
				A7155B472E21293100285EE9 /* ServiceDetailView.swift */,
				A7155B4B2E212A6600285EE9 /* DateFormatter.swift */,
				A7155B0E2E21257200285EE9 /* ListAndDetailScreenApp.swift */,
				A7155B102E21257200285EE9 /* ContentView.swift */,
				A7155B122E21257500285EE9 /* Assets.xcassets */,
				A7155B142E21257500285EE9 /* ListAndDetailScreen.entitlements */,
				A7155B152E21257500285EE9 /* Preview Content */,
			);
			path = ListAndDetailScreen;
			sourceTree = "<group>";
		};
		A7155B152E21257500285EE9 /* Preview Content */ = {
			isa = PBXGroup;
			children = (
				A7155B162E21257500285EE9 /* Preview Assets.xcassets */,
			);
			path = "Preview Content";
			sourceTree = "<group>";
		};
		A7155B1F2E21257600285EE9 /* ListAndDetailScreenTests */ = {
			isa = PBXGroup;
			children = (
				A7155B202E21257600285EE9 /* ListAndDetailScreenTests.swift */,
			);
			path = ListAndDetailScreenTests;
			sourceTree = "<group>";
		};
		A7155B292E21257700285EE9 /* ListAndDetailScreenUITests */ = {
			isa = PBXGroup;
			children = (
				A7155B2A2E21257700285EE9 /* ListAndDetailScreenUITests.swift */,
				A7155B2C2E21257700285EE9 /* ListAndDetailScreenUITestsLaunchTests.swift */,
			);
			path = ListAndDetailScreenUITests;
			sourceTree = "<group>";
		};
/* End PBXGroup section */

/* Begin PBXNativeTarget section */
		A7155B0A2E21257200285EE9 /* ListAndDetailScreen */ = {
			isa = PBXNativeTarget;
			buildConfigurationList = A7155B302E21257700285EE9 /* Build configuration list for PBXNativeTarget "ListAndDetailScreen" */;
			buildPhases = (
				A7155B072E21257200285EE9 /* Sources */,
				A7155B082E21257200285EE9 /* Frameworks */,
				A7155B092E21257200285EE9 /* Resources */,
			);
			buildRules = (
			);
			dependencies = (
			);
			name = ListAndDetailScreen;
			productName = ListAndDetailScreen;
			productReference = A7155B0B2E21257200285EE9 /* ListAndDetailScreen.app */;
			productType = "com.apple.product-type.application";
		};
		A7155B1B2E21257600285EE9 /* ListAndDetailScreenTests */ = {
			isa = PBXNativeTarget;
			buildConfigurationList = A7155B332E21257700285EE9 /* Build configuration list for PBXNativeTarget "ListAndDetailScreenTests" */;
			buildPhases = (
				A7155B182E21257600285EE9 /* Sources */,
				A7155B192E21257600285EE9 /* Frameworks */,
				A7155B1A2E21257600285EE9 /* Resources */,
			);
			buildRules = (
			);
			dependencies = (
				A7155B1E2E21257600285EE9 /* PBXTargetDependency */,
			);
			name = ListAndDetailScreenTests;
			productName = ListAndDetailScreenTests;
			productReference = A7155B1C2E21257600285EE9 /* ListAndDetailScreenTests.xctest */;
			productType = "com.apple.product-type.bundle.unit-test";
		};
		A7155B252E21257700285EE9 /* ListAndDetailScreenUITests */ = {
			isa = PBXNativeTarget;
			buildConfigurationList = A7155B362E21257700285EE9 /* Build configuration list for PBXNativeTarget "ListAndDetailScreenUITests" */;
			buildPhases = (
				A7155B222E21257700285EE9 /* Sources */,
				A7155B232E21257700285EE9 /* Frameworks */,
				A7155B242E21257700285EE9 /* Resources */,
			);
			buildRules = (
			);
			dependencies = (
				A7155B282E21257700285EE9 /* PBXTargetDependency */,
			);
			name = ListAndDetailScreenUITests;
			productName = ListAndDetailScreenUITests;
			productReference = A7155B262E21257700285EE9 /* ListAndDetailScreenUITests.xctest */;
			productType = "com.apple.product-type.bundle.ui-testing";
		};
/* End PBXNativeTarget section */

/* Begin PBXProject section */
		A7155B032E21257200285EE9 /* Project object */ = {
			isa = PBXProject;
			attributes = {
				BuildIndependentTargetsInParallel = 1;
				LastSwiftUpdateCheck = 1420;
				LastUpgradeCheck = 1420;
				TargetAttributes = {
					A7155B0A2E21257200285EE9 = {
						CreatedOnToolsVersion = 14.2;
					};
					A7155B1B2E21257600285EE9 = {
						CreatedOnToolsVersion = 14.2;
						TestTargetID = A7155B0A2E21257200285EE9;
					};
					A7155B252E21257700285EE9 = {
						CreatedOnToolsVersion = 14.2;
						TestTargetID = A7155B0A2E21257200285EE9;
					};
				};
			};
			buildConfigurationList = A7155B062E21257200285EE9 /* Build configuration list for PBXProject "ListAndDetailScreen" */;
			compatibilityVersion = "Xcode 14.0";
			developmentRegion = en;
			hasScannedForEncodings = 0;
			knownRegions = (
				en,
				Base,
			);
			mainGroup = A7155B022E21257200285EE9;
			productRefGroup = A7155B0C2E21257200285EE9 /* Products */;
			projectDirPath = "";
			projectRoot = "";
			targets = (
				A7155B0A2E21257200285EE9 /* ListAndDetailScreen */,
				A7155B1B2E21257600285EE9 /* ListAndDetailScreenTests */,
				A7155B252E21257700285EE9 /* ListAndDetailScreenUITests */,
			);
		};
/* End PBXProject section */

/* Begin PBXResourcesBuildPhase section */
		A7155B092E21257200285EE9 /* Resources */ = {
			isa = PBXResourcesBuildPhase;
			buildActionMask = 2147483647;
			files = (
				A7155B172E21257500285EE9 /* Preview Assets.xcassets in Resources */,
				A7155B132E21257500285EE9 /* Assets.xcassets in Resources */,
			);
			runOnlyForDeploymentPostprocessing = 0;
		};
		A7155B1A2E21257600285EE9 /* Resources */ = {
			isa = PBXResourcesBuildPhase;
			buildActionMask = 2147483647;
			files = (
			);
			runOnlyForDeploymentPostprocessing = 0;
		};
		A7155B242E21257700285EE9 /* Resources */ = {
			isa = PBXResourcesBuildPhase;
			buildActionMask = 2147483647;
			files = (
			);
			runOnlyForDeploymentPostprocessing = 0;
		};
/* End PBXResourcesBuildPhase section */

/* Begin PBXSourcesBuildPhase section */
		A7155B072E21257200285EE9 /* Sources */ = {
			isa = PBXSourcesBuildPhase;
			buildActionMask = 2147483647;
			files = (
				A7155B112E21257200285EE9 /* ContentView.swift in Sources */,
				A7155B482E21293100285EE9 /* ServiceDetailView.swift in Sources */,
				A7155B462E2128E600285EE9 /* ServiceListViewModel.swift in Sources */,
				A7155B4C2E212A6600285EE9 /* DateFormatter.swift in Sources */,
				A7155B0F2E21257200285EE9 /* ListAndDetailScreenApp.swift in Sources */,
				A7155B442E21289B00285EE9 /* ServiceViewModel.swift in Sources */,
				A7155B422E21288B00285EE9 /* Service.swift in Sources */,
			);
			runOnlyForDeploymentPostprocessing = 0;
		};
		A7155B182E21257600285EE9 /* Sources */ = {
			isa = PBXSourcesBuildPhase;
			buildActionMask = 2147483647;
			files = (
				A7155B212E21257600285EE9 /* ListAndDetailScreenTests.swift in Sources */,
			);
			runOnlyForDeploymentPostprocessing = 0;
		};
		A7155B222E21257700285EE9 /* Sources */ = {
			isa = PBXSourcesBuildPhase;
			buildActionMask = 2147483647;
			files = (
				A7155B2B2E21257700285EE9 /* ListAndDetailScreenUITests.swift in Sources */,
				A7155B2D2E21257700285EE9 /* ListAndDetailScreenUITestsLaunchTests.swift in Sources */,
			);
			runOnlyForDeploymentPostprocessing = 0;
		};
/* End PBXSourcesBuildPhase section */

/* Begin PBXTargetDependency section */
		A7155B1E2E21257600285EE9 /* PBXTargetDependency */ = {
			isa = PBXTargetDependency;
			target = A7155B0A2E21257200285EE9 /* ListAndDetailScreen */;
			targetProxy = A7155B1D2E21257600285EE9 /* PBXContainerItemProxy */;
		};
		A7155B282E21257700285EE9 /* PBXTargetDependency */ = {
			isa = PBXTargetDependency;
			target = A7155B0A2E21257200285EE9 /* ListAndDetailScreen */;
			targetProxy = A7155B272E21257700285EE9 /* PBXContainerItemProxy */;
		};
/* End PBXTargetDependency section */

/* Begin XCBuildConfiguration section */
		A7155B2E2E21257700285EE9 /* Debug */ = {
			isa = XCBuildConfiguration;
			buildSettings = {
				ALWAYS_SEARCH_USER_PATHS = NO;
				CLANG_ANALYZER_NONNULL = YES;
				CLANG_ANALYZER_NUMBER_OBJECT_CONVERSION = YES_AGGRESSIVE;
				CLANG_CXX_LANGUAGE_STANDARD = "gnu++20";
				CLANG_ENABLE_MODULES = YES;
				CLANG_ENABLE_OBJC_ARC = YES;
				CLANG_ENABLE_OBJC_WEAK = YES;
				CLANG_WARN_BLOCK_CAPTURE_AUTORELEASING = YES;
				CLANG_WARN_BOOL_CONVERSION = YES;
				CLANG_WARN_COMMA = YES;
				CLANG_WARN_CONSTANT_CONVERSION = YES;
				CLANG_WARN_DEPRECATED_OBJC_IMPLEMENTATIONS = YES;
				CLANG_WARN_DIRECT_OBJC_ISA_USAGE = YES_ERROR;
				CLANG_WARN_DOCUMENTATION_COMMENTS = YES;
				CLANG_WARN_EMPTY_BODY = YES;
				CLANG_WARN_ENUM_CONVERSION = YES;
				CLANG_WARN_INFINITE_RECURSION = YES;
				CLANG_WARN_INT_CONVERSION = YES;
				CLANG_WARN_NON_LITERAL_NULL_CONVERSION = YES;
				CLANG_WARN_OBJC_IMPLICIT_RETAIN_SELF = YES;
				CLANG_WARN_OBJC_LITERAL_CONVERSION = YES;
				CLANG_WARN_OBJC_ROOT_CLASS = YES_ERROR;
				CLANG_WARN_QUOTED_INCLUDE_IN_FRAMEWORK_HEADER = YES;
				CLANG_WARN_RANGE_LOOP_ANALYSIS = YES;
				CLANG_WARN_STRICT_PROTOTYPES = YES;
				CLANG_WARN_SUSPICIOUS_MOVE = YES;
				CLANG_WARN_UNGUARDED_AVAILABILITY = YES_AGGRESSIVE;
				CLANG_WARN_UNREACHABLE_CODE = YES;
				CLANG_WARN__DUPLICATE_METHOD_MATCH = YES;
				COPY_PHASE_STRIP = NO;
				DEBUG_INFORMATION_FORMAT = dwarf;
				ENABLE_STRICT_OBJC_MSGSEND = YES;
				ENABLE_TESTABILITY = YES;
				GCC_C_LANGUAGE_STANDARD = gnu11;
				GCC_DYNAMIC_NO_PIC = NO;
				GCC_NO_COMMON_BLOCKS = YES;
				GCC_OPTIMIZATION_LEVEL = 0;
				GCC_PREPROCESSOR_DEFINITIONS = (
					"DEBUG=1",
					"$(inherited)",
				);
				GCC_WARN_64_TO_32_BIT_CONVERSION = YES;
				GCC_WARN_ABOUT_RETURN_TYPE = YES_ERROR;
				GCC_WARN_UNDECLARED_SELECTOR = YES;
				GCC_WARN_UNINITIALIZED_AUTOS = YES_AGGRESSIVE;
				GCC_WARN_UNUSED_FUNCTION = YES;
				GCC_WARN_UNUSED_VARIABLE = YES;
				MTL_ENABLE_DEBUG_INFO = INCLUDE_SOURCE;
				MTL_FAST_MATH = YES;
				ONLY_ACTIVE_ARCH = YES;
				SWIFT_ACTIVE_COMPILATION_CONDITIONS = DEBUG;
				SWIFT_OPTIMIZATION_LEVEL = "-Onone";
			};
			name = Debug;
		};
		A7155B2F2E21257700285EE9 /* Release */ = {
			isa = XCBuildConfiguration;
			buildSettings = {
				ALWAYS_SEARCH_USER_PATHS = NO;
				CLANG_ANALYZER_NONNULL = YES;
				CLANG_ANALYZER_NUMBER_OBJECT_CONVERSION = YES_AGGRESSIVE;
				CLANG_CXX_LANGUAGE_STANDARD = "gnu++20";
				CLANG_ENABLE_MODULES = YES;
				CLANG_ENABLE_OBJC_ARC = YES;
				CLANG_ENABLE_OBJC_WEAK = YES;
				CLANG_WARN_BLOCK_CAPTURE_AUTORELEASING = YES;
				CLANG_WARN_BOOL_CONVERSION = YES;
				CLANG_WARN_COMMA = YES;
				CLANG_WARN_CONSTANT_CONVERSION = YES;
				CLANG_WARN_DEPRECATED_OBJC_IMPLEMENTATIONS = YES;
				CLANG_WARN_DIRECT_OBJC_ISA_USAGE = YES_ERROR;
				CLANG_WARN_DOCUMENTATION_COMMENTS = YES;
				CLANG_WARN_EMPTY_BODY = YES;
				CLANG_WARN_ENUM_CONVERSION = YES;
				CLANG_WARN_INFINITE_RECURSION = YES;
				CLANG_WARN_INT_CONVERSION = YES;
				CLANG_WARN_NON_LITERAL_NULL_CONVERSION = YES;
				CLANG_WARN_OBJC_IMPLICIT_RETAIN_SELF = YES;
				CLANG_WARN_OBJC_LITERAL_CONVERSION = YES;
				CLANG_WARN_OBJC_ROOT_CLASS = YES_ERROR;
				CLANG_WARN_QUOTED_INCLUDE_IN_FRAMEWORK_HEADER = YES;
				CLANG_WARN_RANGE_LOOP_ANALYSIS = YES;
				CLANG_WARN_STRICT_PROTOTYPES = YES;
				CLANG_WARN_SUSPICIOUS_MOVE = YES;
				CLANG_WARN_UNGUARDED_AVAILABILITY = YES_AGGRESSIVE;
				CLANG_WARN_UNREACHABLE_CODE = YES;
				CLANG_WARN__DUPLICATE_METHOD_MATCH = YES;
				COPY_PHASE_STRIP = NO;
				DEBUG_INFORMATION_FORMAT = "dwarf-with-dsym";
				ENABLE_NS_ASSERTIONS = NO;
				ENABLE_STRICT_OBJC_MSGSEND = YES;
				GCC_C_LANGUAGE_STANDARD = gnu11;
				GCC_NO_COMMON_BLOCKS = YES;
				GCC_WARN_64_TO_32_BIT_CONVERSION = YES;
				GCC_WARN_ABOUT_RETURN_TYPE = YES_ERROR;
				GCC_WARN_UNDECLARED_SELECTOR = YES;
				GCC_WARN_UNINITIALIZED_AUTOS = YES_AGGRESSIVE;
				GCC_WARN_UNUSED_FUNCTION = YES;
				GCC_WARN_UNUSED_VARIABLE = YES;
				MTL_ENABLE_DEBUG_INFO = NO;
				MTL_FAST_MATH = YES;
				SWIFT_COMPILATION_MODE = wholemodule;
				SWIFT_OPTIMIZATION_LEVEL = "-O";
			};
			name = Release;
		};
		A7155B312E21257700285EE9 /* Debug */ = {
			isa = XCBuildConfiguration;
			buildSettings = {
				ASSETCATALOG_COMPILER_APPICON_NAME = AppIcon;
				ASSETCATALOG_COMPILER_GLOBAL_ACCENT_COLOR_NAME = AccentColor;
				CODE_SIGN_ENTITLEMENTS = ListAndDetailScreen/ListAndDetailScreen.entitlements;
				CODE_SIGN_STYLE = Automatic;
				CURRENT_PROJECT_VERSION = 1;
				DEVELOPMENT_ASSET_PATHS = "\"ListAndDetailScreen/Preview Content\"";
				DEVELOPMENT_TEAM = WTMZBXX463;
				ENABLE_HARDENED_RUNTIME = YES;
				ENABLE_PREVIEWS = YES;
				GENERATE_INFOPLIST_FILE = YES;
				"INFOPLIST_KEY_UIApplicationSceneManifest_Generation[sdk=iphoneos*]" = YES;
				"INFOPLIST_KEY_UIApplicationSceneManifest_Generation[sdk=iphonesimulator*]" = YES;
				"INFOPLIST_KEY_UIApplicationSupportsIndirectInputEvents[sdk=iphoneos*]" = YES;
				"INFOPLIST_KEY_UIApplicationSupportsIndirectInputEvents[sdk=iphonesimulator*]" = YES;
				"INFOPLIST_KEY_UILaunchScreen_Generation[sdk=iphoneos*]" = YES;
				"INFOPLIST_KEY_UILaunchScreen_Generation[sdk=iphonesimulator*]" = YES;
				"INFOPLIST_KEY_UIStatusBarStyle[sdk=iphoneos*]" = UIStatusBarStyleDefault;
				"INFOPLIST_KEY_UIStatusBarStyle[sdk=iphonesimulator*]" = UIStatusBarStyleDefault;
				INFOPLIST_KEY_UISupportedInterfaceOrientations_iPad = "UIInterfaceOrientationPortrait UIInterfaceOrientationPortraitUpsideDown UIInterfaceOrientationLandscapeLeft UIInterfaceOrientationLandscapeRight";
				INFOPLIST_KEY_UISupportedInterfaceOrientations_iPhone = "UIInterfaceOrientationPortrait UIInterfaceOrientationLandscapeLeft UIInterfaceOrientationLandscapeRight";
				IPHONEOS_DEPLOYMENT_TARGET = 16.2;
				LD_RUNPATH_SEARCH_PATHS = "@executable_path/Frameworks";
				"LD_RUNPATH_SEARCH_PATHS[sdk=macosx*]" = "@executable_path/../Frameworks";
				MACOSX_DEPLOYMENT_TARGET = 12.7;
				MARKETING_VERSION = 1.0;
				PRODUCT_BUNDLE_IDENTIFIER = shubhammittal.ListAndDetailScreen;
				PRODUCT_NAME = "$(TARGET_NAME)";
				SDKROOT = auto;
				SUPPORTED_PLATFORMS = "iphoneos iphonesimulator macosx";
				SWIFT_EMIT_LOC_STRINGS = YES;
				SWIFT_VERSION = 5.0;
				TARGETED_DEVICE_FAMILY = "1,2";
			};
			name = Debug;
		};
		A7155B322E21257700285EE9 /* Release */ = {
			isa = XCBuildConfiguration;
			buildSettings = {
				ASSETCATALOG_COMPILER_APPICON_NAME = AppIcon;
				ASSETCATALOG_COMPILER_GLOBAL_ACCENT_COLOR_NAME = AccentColor;
				CODE_SIGN_ENTITLEMENTS = ListAndDetailScreen/ListAndDetailScreen.entitlements;
				CODE_SIGN_STYLE = Automatic;
				CURRENT_PROJECT_VERSION = 1;
				DEVELOPMENT_ASSET_PATHS = "\"ListAndDetailScreen/Preview Content\"";
				DEVELOPMENT_TEAM = WTMZBXX463;
				ENABLE_HARDENED_RUNTIME = YES;
				ENABLE_PREVIEWS = YES;
				GENERATE_INFOPLIST_FILE = YES;
				"INFOPLIST_KEY_UIApplicationSceneManifest_Generation[sdk=iphoneos*]" = YES;
				"INFOPLIST_KEY_UIApplicationSceneManifest_Generation[sdk=iphonesimulator*]" = YES;
				"INFOPLIST_KEY_UIApplicationSupportsIndirectInputEvents[sdk=iphoneos*]" = YES;
				"INFOPLIST_KEY_UIApplicationSupportsIndirectInputEvents[sdk=iphonesimulator*]" = YES;
				"INFOPLIST_KEY_UILaunchScreen_Generation[sdk=iphoneos*]" = YES;
				"INFOPLIST_KEY_UILaunchScreen_Generation[sdk=iphonesimulator*]" = YES;
				"INFOPLIST_KEY_UIStatusBarStyle[sdk=iphoneos*]" = UIStatusBarStyleDefault;
				"INFOPLIST_KEY_UIStatusBarStyle[sdk=iphonesimulator*]" = UIStatusBarStyleDefault;
				INFOPLIST_KEY_UISupportedInterfaceOrientations_iPad = "UIInterfaceOrientationPortrait UIInterfaceOrientationPortraitUpsideDown UIInterfaceOrientationLandscapeLeft UIInterfaceOrientationLandscapeRight";
				INFOPLIST_KEY_UISupportedInterfaceOrientations_iPhone = "UIInterfaceOrientationPortrait UIInterfaceOrientationLandscapeLeft UIInterfaceOrientationLandscapeRight";
				IPHONEOS_DEPLOYMENT_TARGET = 16.2;
				LD_RUNPATH_SEARCH_PATHS = "@executable_path/Frameworks";
				"LD_RUNPATH_SEARCH_PATHS[sdk=macosx*]" = "@executable_path/../Frameworks";
				MACOSX_DEPLOYMENT_TARGET = 12.7;
				MARKETING_VERSION = 1.0;
				PRODUCT_BUNDLE_IDENTIFIER = shubhammittal.ListAndDetailScreen;
				PRODUCT_NAME = "$(TARGET_NAME)";
				SDKROOT = auto;
				SUPPORTED_PLATFORMS = "iphoneos iphonesimulator macosx";
				SWIFT_EMIT_LOC_STRINGS = YES;
				SWIFT_VERSION = 5.0;
				TARGETED_DEVICE_FAMILY = "1,2";
			};
			name = Release;
		};
		A7155B342E21257700285EE9 /* Debug */ = {
			isa = XCBuildConfiguration;
			buildSettings = {
				ALWAYS_EMBED_SWIFT_STANDARD_LIBRARIES = YES;
				BUNDLE_LOADER = "$(TEST_HOST)";
				CODE_SIGN_STYLE = Automatic;
				CURRENT_PROJECT_VERSION = 1;
				DEVELOPMENT_TEAM = WTMZBXX463;
				GENERATE_INFOPLIST_FILE = YES;
				IPHONEOS_DEPLOYMENT_TARGET = 16.2;
				MACOSX_DEPLOYMENT_TARGET = 12.7;
				MARKETING_VERSION = 1.0;
				PRODUCT_BUNDLE_IDENTIFIER = shubhammittal.ListAndDetailScreenTests;
				PRODUCT_NAME = "$(TARGET_NAME)";
				SDKROOT = auto;
				SUPPORTED_PLATFORMS = "iphoneos iphonesimulator macosx";
				SWIFT_EMIT_LOC_STRINGS = NO;
				SWIFT_VERSION = 5.0;
				TARGETED_DEVICE_FAMILY = "1,2";
				TEST_HOST = "$(BUILT_PRODUCTS_DIR)/ListAndDetailScreen.app/$(BUNDLE_EXECUTABLE_FOLDER_PATH)/ListAndDetailScreen";
			};
			name = Debug;
		};
		A7155B352E21257700285EE9 /* Release */ = {
			isa = XCBuildConfiguration;
			buildSettings = {
				ALWAYS_EMBED_SWIFT_STANDARD_LIBRARIES = YES;
				BUNDLE_LOADER = "$(TEST_HOST)";
				CODE_SIGN_STYLE = Automatic;
				CURRENT_PROJECT_VERSION = 1;
				DEVELOPMENT_TEAM = WTMZBXX463;
				GENERATE_INFOPLIST_FILE = YES;
				IPHONEOS_DEPLOYMENT_TARGET = 16.2;
				MACOSX_DEPLOYMENT_TARGET = 12.7;
				MARKETING_VERSION = 1.0;
				PRODUCT_BUNDLE_IDENTIFIER = shubhammittal.ListAndDetailScreenTests;
				PRODUCT_NAME = "$(TARGET_NAME)";
				SDKROOT = auto;
				SUPPORTED_PLATFORMS = "iphoneos iphonesimulator macosx";
				SWIFT_EMIT_LOC_STRINGS = NO;
				SWIFT_VERSION = 5.0;
				TARGETED_DEVICE_FAMILY = "1,2";
				TEST_HOST = "$(BUILT_PRODUCTS_DIR)/ListAndDetailScreen.app/$(BUNDLE_EXECUTABLE_FOLDER_PATH)/ListAndDetailScreen";
			};
			name = Release;
		};
		A7155B372E21257700285EE9 /* Debug */ = {
			isa = XCBuildConfiguration;
			buildSettings = {
				ALWAYS_EMBED_SWIFT_STANDARD_LIBRARIES = YES;
				CODE_SIGN_STYLE = Automatic;
				CURRENT_PROJECT_VERSION = 1;
				DEVELOPMENT_TEAM = WTMZBXX463;
				GENERATE_INFOPLIST_FILE = YES;
				IPHONEOS_DEPLOYMENT_TARGET = 16.2;
				MACOSX_DEPLOYMENT_TARGET = 12.7;
				MARKETING_VERSION = 1.0;
				PRODUCT_BUNDLE_IDENTIFIER = shubhammittal.ListAndDetailScreenUITests;
				PRODUCT_NAME = "$(TARGET_NAME)";
				SDKROOT = auto;
				SUPPORTED_PLATFORMS = "iphoneos iphonesimulator macosx";
				SWIFT_EMIT_LOC_STRINGS = NO;
				SWIFT_VERSION = 5.0;
				TARGETED_DEVICE_FAMILY = "1,2";
				TEST_TARGET_NAME = ListAndDetailScreen;
			};
			name = Debug;
		};
		A7155B382E21257700285EE9 /* Release */ = {
			isa = XCBuildConfiguration;
			buildSettings = {
				ALWAYS_EMBED_SWIFT_STANDARD_LIBRARIES = YES;
				CODE_SIGN_STYLE = Automatic;
				CURRENT_PROJECT_VERSION = 1;
				DEVELOPMENT_TEAM = WTMZBXX463;
				GENERATE_INFOPLIST_FILE = YES;
				IPHONEOS_DEPLOYMENT_TARGET = 16.2;
				MACOSX_DEPLOYMENT_TARGET = 12.7;
				MARKETING_VERSION = 1.0;
				PRODUCT_BUNDLE_IDENTIFIER = shubhammittal.ListAndDetailScreenUITests;
				PRODUCT_NAME = "$(TARGET_NAME)";
				SDKROOT = auto;
				SUPPORTED_PLATFORMS = "iphoneos iphonesimulator macosx";
				SWIFT_EMIT_LOC_STRINGS = NO;
				SWIFT_VERSION = 5.0;
				TARGETED_DEVICE_FAMILY = "1,2";
				TEST_TARGET_NAME = ListAndDetailScreen;
			};
			name = Release;
		};
/* End XCBuildConfiguration section */

/* Begin XCConfigurationList section */
		A7155B062E21257200285EE9 /* Build configuration list for PBXProject "ListAndDetailScreen" */ = {
			isa = XCConfigurationList;
			buildConfigurations = (
				A7155B2E2E21257700285EE9 /* Debug */,
				A7155B2F2E21257700285EE9 /* Release */,
			);
			defaultConfigurationIsVisible = 0;
			defaultConfigurationName = Release;
		};
		A7155B302E21257700285EE9 /* Build configuration list for PBXNativeTarget "ListAndDetailScreen" */ = {
			isa = XCConfigurationList;
			buildConfigurations = (
				A7155B312E21257700285EE9 /* Debug */,
				A7155B322E21257700285EE9 /* Release */,
			);
			defaultConfigurationIsVisible = 0;
			defaultConfigurationName = Release;
		};
		A7155B332E21257700285EE9 /* Build configuration list for PBXNativeTarget "ListAndDetailScreenTests" */ = {
			isa = XCConfigurationList;
			buildConfigurations = (
				A7155B342E21257700285EE9 /* Debug */,
				A7155B352E21257700285EE9 /* Release */,
			);
			defaultConfigurationIsVisible = 0;
			defaultConfigurationName = Release;
		};
		A7155B362E21257700285EE9 /* Build configuration list for PBXNativeTarget "ListAndDetailScreenUITests" */ = {
			isa = XCConfigurationList;
			buildConfigurations = (
				A7155B372E21257700285EE9 /* Debug */,
				A7155B382E21257700285EE9 /* Release */,
			);
			defaultConfigurationIsVisible = 0;
			defaultConfigurationName = Release;
		};
/* End XCConfigurationList section */
	};
	rootObject = A7155B032E21257200285EE9 /* Project object */;
}
